
Microsoft Visual Studio Solution File, Format Version 12.00
# Visual Studio 14
VisualStudioVersion = 14.0.25420.1
MinimumVisualStudioVersion = 10.0.40219.1
Project("{2150E333-8FDC-42A3-9474-1A3956D46DE8}") = "Shared", "Shared", "{757FBDEA-0BF1-4C1B-8F0E-F85B1664305F}"
EndProject
Project("{FAE04EC0-301F-11D3-BF4B-00C04F79EFBC}") = "ShowMeApi_SelfHost", "Shared\HelpPageForSelfHost\ShowMeApi_SelfHost.csproj", "{CE524A06-1076-4E76-BBB3-F2103F377725}"
EndProject
Project("{FAE04EC0-301F-11D3-BF4B-00C04F79EFBC}") = "SharedConfig", "Shared\SharedConfig\SharedConfig.csproj", "{8630443E-775B-4C9B-B8F4-8E630A908FEF}"
EndProject
Project("{FAE04EC0-301F-11D3-BF4B-00C04F79EFBC}") = "SharedProvider", "Shared\SharedProvider\SharedProvider.csproj", "{4018ADB6-0340-4701-83EA-8D442939EAEF}"
EndProject
Project("{FAE04EC0-301F-11D3-BF4B-00C04F79EFBC}") = "AdminService", "AdminService\AdminService.csproj", "{01FEA862-B45C-4968-9AC9-7F908C3042AD}"
EndProject
Project("{2150E333-8FDC-42A3-9474-1A3956D46DE8}") = "Test", "Test", "{C87FFB7D-AEC8-4FEA-8286-8E6F2B04B004}"
EndProject
Project("{FAE04EC0-301F-11D3-BF4B-00C04F79EFBC}") = "EntryPointService.Tests", "Test\EntryPointService.Tests\EntryPointService.Tests.csproj", "{F2B9A582-5DAD-4F70-8FD7-4D4A48A431FD}"
EndProject
Project("{FAE04EC0-301F-11D3-BF4B-00C04F79EFBC}") = "BackOfficeSystem", "Web\BackOfficeSystem\BackOfficeSystem.csproj", "{4862E044-CA83-4765-9AA7-C0FE279CC93A}"
EndProject
Project("{2150E333-8FDC-42A3-9474-1A3956D46DE8}") = "Web", "Web", "{F16C401D-481D-4214-A6C1-271D92B5C2D7}"
EndProject
Project("{FAE04EC0-301F-11D3-BF4B-00C04F79EFBC}") = "SharedModel", "Shared\SharedModel\SharedModel.csproj", "{80B5CAF7-3270-40BB-9852-41A7276E5438}"
EndProject
Project("{FAE04EC0-301F-11D3-BF4B-00C04F79EFBC}") = "ReportingSystem", "Web\ReportingSystem\ReportingSystem.csproj", "{0D53437F-01B4-44E3-B136-F39EB5BE6CE3}"
EndProject
Project("{2150E333-8FDC-42A3-9474-1A3956D46DE8}") = "SharedBin", "SharedBin", "{2B6F9F64-1952-4A54-BE9A-4AA0CABA875C}"
	ProjectSection(SolutionItems) = preProject
		..\..\..\..\Users\Think\Downloads\TimePicker\Bin\TimePicker.dll = ..\..\..\..\Users\Think\Downloads\TimePicker\Bin\TimePicker.dll
	EndProjectSection
EndProject
Project("{FAE04EC0-301F-11D3-BF4B-00C04F79EFBC}") = "TransactionService", "TransactionService\TransactionService.csproj", "{5684BFFC-5E3B-44F6-A4DC-6B36A8F97D66}"
EndProject
Project("{2150E333-8FDC-42A3-9474-1A3956D46DE8}") = "Fusion", "Fusion", "{4077564A-BFB7-4ADA-ADD2-C007F28769B0}"
EndProject
Project("{FAE04EC0-301F-11D3-BF4B-00C04F79EFBC}") = "FusionService", "Fusion\FusionService\FusionService.csproj", "{79533F24-4B2C-4131-AF87-45E40AC4A551}"
EndProject
Project("{FAE04EC0-301F-11D3-BF4B-00C04F79EFBC}") = "AuthService", "AuthService\AuthService.csproj", "{831BAF14-C567-41C2-845A-D24E34E4CA33}"
EndProject
Project("{FAE04EC0-301F-11D3-BF4B-00C04F79EFBC}") = "LoginSystem", "Web\LoginSystem\LoginSystem.csproj", "{63BB25D1-62FD-4EFA-BE7F-99A769C13F6D}"
EndProject
Project("{FAE04EC0-301F-11D3-BF4B-00C04F79EFBC}") = "SharedConfigTests", "Shared\SharedConfigTests\SharedConfigTests.csproj", "{C80DF0DB-4E82-4A56-983F-BB81C4556E70}"
EndProject
Global
	GlobalSection(Performance) = preSolution
		HasPerformanceSessions = true
	EndGlobalSection
	GlobalSection(SolutionConfigurationPlatforms) = preSolution
		Debug|Any CPU = Debug|Any CPU
		Release|Any CPU = Release|Any CPU
	EndGlobalSection
	GlobalSection(ProjectConfigurationPlatforms) = postSolution
		{CE524A06-1076-4E76-BBB3-F2103F377725}.Debug|Any CPU.ActiveCfg = Debug|Any CPU
		{CE524A06-1076-4E76-BBB3-F2103F377725}.Debug|Any CPU.Build.0 = Debug|Any CPU
		{CE524A06-1076-4E76-BBB3-F2103F377725}.Release|Any CPU.ActiveCfg = Release|Any CPU
		{CE524A06-1076-4E76-BBB3-F2103F377725}.Release|Any CPU.Build.0 = Release|Any CPU
		{8630443E-775B-4C9B-B8F4-8E630A908FEF}.Debug|Any CPU.ActiveCfg = Debug|Any CPU
		{8630443E-775B-4C9B-B8F4-8E630A908FEF}.Debug|Any CPU.Build.0 = Debug|Any CPU
		{8630443E-775B-4C9B-B8F4-8E630A908FEF}.Release|Any CPU.ActiveCfg = Release|Any CPU
		{8630443E-775B-4C9B-B8F4-8E630A908FEF}.Release|Any CPU.Build.0 = Release|Any CPU
		{4018ADB6-0340-4701-83EA-8D442939EAEF}.Debug|Any CPU.ActiveCfg = Debug|Any CPU
		{4018ADB6-0340-4701-83EA-8D442939EAEF}.Debug|Any CPU.Build.0 = Debug|Any CPU
		{4018ADB6-0340-4701-83EA-8D442939EAEF}.Release|Any CPU.ActiveCfg = Release|Any CPU
		{4018ADB6-0340-4701-83EA-8D442939EAEF}.Release|Any CPU.Build.0 = Release|Any CPU
		{01FEA862-B45C-4968-9AC9-7F908C3042AD}.Debug|Any CPU.ActiveCfg = Debug|Any CPU
		{01FEA862-B45C-4968-9AC9-7F908C3042AD}.Debug|Any CPU.Build.0 = Debug|Any CPU
		{01FEA862-B45C-4968-9AC9-7F908C3042AD}.Release|Any CPU.ActiveCfg = Release|Any CPU
		{01FEA862-B45C-4968-9AC9-7F908C3042AD}.Release|Any CPU.Build.0 = Release|Any CPU
		{F2B9A582-5DAD-4F70-8FD7-4D4A48A431FD}.Debug|Any CPU.ActiveCfg = Debug|Any CPU
		{F2B9A582-5DAD-4F70-8FD7-4D4A48A431FD}.Debug|Any CPU.Build.0 = Debug|Any CPU
		{F2B9A582-5DAD-4F70-8FD7-4D4A48A431FD}.Release|Any CPU.ActiveCfg = Release|Any CPU
		{F2B9A582-5DAD-4F70-8FD7-4D4A48A431FD}.Release|Any CPU.Build.0 = Release|Any CPU
		{4862E044-CA83-4765-9AA7-C0FE279CC93A}.Debug|Any CPU.ActiveCfg = Debug|Any CPU
		{4862E044-CA83-4765-9AA7-C0FE279CC93A}.Debug|Any CPU.Build.0 = Debug|Any CPU
		{4862E044-CA83-4765-9AA7-C0FE279CC93A}.Release|Any CPU.ActiveCfg = Release|Any CPU
		{4862E044-CA83-4765-9AA7-C0FE279CC93A}.Release|Any CPU.Build.0 = Release|Any CPU
		{80B5CAF7-3270-40BB-9852-41A7276E5438}.Debug|Any CPU.ActiveCfg = Debug|Any CPU
		{80B5CAF7-3270-40BB-9852-41A7276E5438}.Debug|Any CPU.Build.0 = Debug|Any CPU
		{80B5CAF7-3270-40BB-9852-41A7276E5438}.Release|Any CPU.ActiveCfg = Release|Any CPU
		{80B5CAF7-3270-40BB-9852-41A7276E5438}.Release|Any CPU.Build.0 = Release|Any CPU
		{0D53437F-01B4-44E3-B136-F39EB5BE6CE3}.Debug|Any CPU.ActiveCfg = Debug|Any CPU
		{0D53437F-01B4-44E3-B136-F39EB5BE6CE3}.Debug|Any CPU.Build.0 = Debug|Any CPU
		{0D53437F-01B4-44E3-B136-F39EB5BE6CE3}.Release|Any CPU.ActiveCfg = Release|Any CPU
		{0D53437F-01B4-44E3-B136-F39EB5BE6CE3}.Release|Any CPU.Build.0 = Release|Any CPU
		{5684BFFC-5E3B-44F6-A4DC-6B36A8F97D66}.Debug|Any CPU.ActiveCfg = Debug|Any CPU
		{5684BFFC-5E3B-44F6-A4DC-6B36A8F97D66}.Debug|Any CPU.Build.0 = Debug|Any CPU
		{5684BFFC-5E3B-44F6-A4DC-6B36A8F97D66}.Release|Any CPU.ActiveCfg = Release|Any CPU
		{5684BFFC-5E3B-44F6-A4DC-6B36A8F97D66}.Release|Any CPU.Build.0 = Release|Any CPU
		{79533F24-4B2C-4131-AF87-45E40AC4A551}.Debug|Any CPU.ActiveCfg = Debug|Any CPU
		{79533F24-4B2C-4131-AF87-45E40AC4A551}.Debug|Any CPU.Build.0 = Debug|Any CPU
		{79533F24-4B2C-4131-AF87-45E40AC4A551}.Release|Any CPU.ActiveCfg = Release|Any CPU
		{79533F24-4B2C-4131-AF87-45E40AC4A551}.Release|Any CPU.Build.0 = Release|Any CPU
		{831BAF14-C567-41C2-845A-D24E34E4CA33}.Debug|Any CPU.ActiveCfg = Debug|Any CPU
		{831BAF14-C567-41C2-845A-D24E34E4CA33}.Debug|Any CPU.Build.0 = Debug|Any CPU
		{831BAF14-C567-41C2-845A-D24E34E4CA33}.Release|Any CPU.ActiveCfg = Release|Any CPU
		{831BAF14-C567-41C2-845A-D24E34E4CA33}.Release|Any CPU.Build.0 = Release|Any CPU
		{63BB25D1-62FD-4EFA-BE7F-99A769C13F6D}.Debug|Any CPU.ActiveCfg = Debug|Any CPU
		{63BB25D1-62FD-4EFA-BE7F-99A769C13F6D}.Debug|Any CPU.Build.0 = Debug|Any CPU
		{63BB25D1-62FD-4EFA-BE7F-99A769C13F6D}.Release|Any CPU.ActiveCfg = Release|Any CPU
		{63BB25D1-62FD-4EFA-BE7F-99A769C13F6D}.Release|Any CPU.Build.0 = Release|Any CPU
		{C80DF0DB-4E82-4A56-983F-BB81C4556E70}.Debug|Any CPU.ActiveCfg = Debug|Any CPU
		{C80DF0DB-4E82-4A56-983F-BB81C4556E70}.Debug|Any CPU.Build.0 = Debug|Any CPU
		{C80DF0DB-4E82-4A56-983F-BB81C4556E70}.Release|Any CPU.ActiveCfg = Release|Any CPU
		{C80DF0DB-4E82-4A56-983F-BB81C4556E70}.Release|Any CPU.Build.0 = Release|Any CPU
	EndGlobalSection
	GlobalSection(SolutionProperties) = preSolution
		HideSolutionNode = FALSE
	EndGlobalSection
	GlobalSection(NestedProjects) = preSolution
		{CE524A06-1076-4E76-BBB3-F2103F377725} = {757FBDEA-0BF1-4C1B-8F0E-F85B1664305F}
		{8630443E-775B-4C9B-B8F4-8E630A908FEF} = {757FBDEA-0BF1-4C1B-8F0E-F85B1664305F}
		{4018ADB6-0340-4701-83EA-8D442939EAEF} = {757FBDEA-0BF1-4C1B-8F0E-F85B1664305F}
		{F2B9A582-5DAD-4F70-8FD7-4D4A48A431FD} = {C87FFB7D-AEC8-4FEA-8286-8E6F2B04B004}
		{4862E044-CA83-4765-9AA7-C0FE279CC93A} = {F16C401D-481D-4214-A6C1-271D92B5C2D7}
		{80B5CAF7-3270-40BB-9852-41A7276E5438} = {757FBDEA-0BF1-4C1B-8F0E-F85B1664305F}
		{0D53437F-01B4-44E3-B136-F39EB5BE6CE3} = {F16C401D-481D-4214-A6C1-271D92B5C2D7}
		{2B6F9F64-1952-4A54-BE9A-4AA0CABA875C} = {757FBDEA-0BF1-4C1B-8F0E-F85B1664305F}
		{79533F24-4B2C-4131-AF87-45E40AC4A551} = {4077564A-BFB7-4ADA-ADD2-C007F28769B0}
		{63BB25D1-62FD-4EFA-BE7F-99A769C13F6D} = {F16C401D-481D-4214-A6C1-271D92B5C2D7}
		{C80DF0DB-4E82-4A56-983F-BB81C4556E70} = {C87FFB7D-AEC8-4FEA-8286-8E6F2B04B004}
	EndGlobalSection
EndGlobal
